
Microsoft Visual Studio Solution File, Format Version 12.00
Project("{FAE04EC0-301F-11D3-BF4B-00C04F79EFBC}") = "AdventOfCode.App", "AdventOfCode.App\AdventOfCode.App.csproj", "{5CCB7231-F9E7-40FE-AF9A-FD16F29B0399}"
EndProject
Project("{FAE04EC0-301F-11D3-BF4B-00C04F79EFBC}") = "Common", "Common\Common.csproj", "{E31068F9-3138-4799-9A9C-EC490BFEC830}"
EndProject
Project("{FAE04EC0-301F-11D3-BF4B-00C04F79EFBC}") = "Common.Tests", "Common.Tests\Common.Tests.csproj", "{65E88034-3195-4547-A3A8-87AF7998BD13}"
EndProject
Project("{FAE04EC0-301F-11D3-BF4B-00C04F79EFBC}") = "Year2015", "Year2015\Year2015.csproj", "{1507FE14-A674-49C8-A88E-EC5FDBA4BB13}"
EndProject
Project("{FAE04EC0-301F-11D3-BF4B-00C04F79EFBC}") = "Year2016", "Year2016\Year2016.csproj", "{AA3BAFD2-2C81-457E-9802-BA519D6884BD}"
EndProject
Project("{FAE04EC0-301F-11D3-BF4B-00C04F79EFBC}") = "Year2017", "Year2017\Year2017.csproj", "{92BB5222-46E8-44FA-9578-8AD6677EB79D}"
EndProject
Project("{FAE04EC0-301F-11D3-BF4B-00C04F79EFBC}") = "Year2018", "Year2018\Year2018.csproj", "{34B68914-BB12-46D4-B80D-985992AC5F9F}"
EndProject
Project("{FAE04EC0-301F-11D3-BF4B-00C04F79EFBC}") = "Year2019", "Year2019\Year2019.csproj", "{57F06D57-4968-4192-86AB-6605AA2A71C3}"
EndProject
Project("{FAE04EC0-301F-11D3-BF4B-00C04F79EFBC}") = "Year2020", "Year2020\Year2020.csproj", "{5E0DC9DB-C1EA-4338-8830-236F29E7A7F7}"
EndProject
Project("{FAE04EC0-301F-11D3-BF4B-00C04F79EFBC}") = "Year2021", "Year2021\Year2021.csproj", "{98030C5C-D159-43CB-9F04-E9DC67370877}"
EndProject
Project("{FAE04EC0-301F-11D3-BF4B-00C04F79EFBC}") = "Year2022", "Year2022\Year2022.csproj", "{38FE8590-59BB-430A-821D-AD0A5B42B7A2}"
EndProject
Project("{FAE04EC0-301F-11D3-BF4B-00C04F79EFBC}") = "Year2023", "Year2023\Year2023.csproj", "{3766AE73-D2B5-45D8-A2E5-31A3B0B5CF20}"
EndProject
Project("{FAE04EC0-301F-11D3-BF4B-00C04F79EFBC}") = "Year2025", "Year2025\Year2025.csproj", "{985EC212-B0CA-4F8F-85B6-7BBF1B291684}"
EndProject
Project("{2150E333-8FDC-42A3-9474-1A3956D46DE8}") = "Tests", "Tests", "{0CF8A7E2-F5AF-4A37-8CCD-CE20CE99417E}"
EndProject
Project("{FAE04EC0-301F-11D3-BF4B-00C04F79EFBC}") = "Year2015.Tests", "Year2015.Tests\Year2015.Tests.csproj", "{340593DA-6310-4ECA-80CF-17281EED25BE}"
EndProject
Global
	GlobalSection(SolutionConfigurationPlatforms) = preSolution
		Debug|Any CPU = Debug|Any CPU
		Debug|x64 = Debug|x64
		Debug|x86 = Debug|x86
		Release|Any CPU = Release|Any CPU
		Release|x64 = Release|x64
		Release|x86 = Release|x86
	EndGlobalSection
	GlobalSection(ProjectConfigurationPlatforms) = postSolution
		{5CCB7231-F9E7-40FE-AF9A-FD16F29B0399}.Debug|Any CPU.ActiveCfg = Debug|Any CPU
		{5CCB7231-F9E7-40FE-AF9A-FD16F29B0399}.Debug|Any CPU.Build.0 = Debug|Any CPU
		{5CCB7231-F9E7-40FE-AF9A-FD16F29B0399}.Debug|x64.ActiveCfg = Debug|Any CPU
		{5CCB7231-F9E7-40FE-AF9A-FD16F29B0399}.Debug|x64.Build.0 = Debug|Any CPU
		{5CCB7231-F9E7-40FE-AF9A-FD16F29B0399}.Debug|x86.ActiveCfg = Debug|Any CPU
		{5CCB7231-F9E7-40FE-AF9A-FD16F29B0399}.Debug|x86.Build.0 = Debug|Any CPU
		{5CCB7231-F9E7-40FE-AF9A-FD16F29B0399}.Release|Any CPU.ActiveCfg = Release|Any CPU
		{5CCB7231-F9E7-40FE-AF9A-FD16F29B0399}.Release|Any CPU.Build.0 = Release|Any CPU
		{5CCB7231-F9E7-40FE-AF9A-FD16F29B0399}.Release|x64.ActiveCfg = Release|Any CPU
		{5CCB7231-F9E7-40FE-AF9A-FD16F29B0399}.Release|x64.Build.0 = Release|Any CPU
		{5CCB7231-F9E7-40FE-AF9A-FD16F29B0399}.Release|x86.ActiveCfg = Release|Any CPU
		{5CCB7231-F9E7-40FE-AF9A-FD16F29B0399}.Release|x86.Build.0 = Release|Any CPU
		{E31068F9-3138-4799-9A9C-EC490BFEC830}.Debug|Any CPU.ActiveCfg = Debug|Any CPU
		{E31068F9-3138-4799-9A9C-EC490BFEC830}.Debug|Any CPU.Build.0 = Debug|Any CPU
		{E31068F9-3138-4799-9A9C-EC490BFEC830}.Debug|x64.ActiveCfg = Debug|Any CPU
		{E31068F9-3138-4799-9A9C-EC490BFEC830}.Debug|x64.Build.0 = Debug|Any CPU
		{E31068F9-3138-4799-9A9C-EC490BFEC830}.Debug|x86.ActiveCfg = Debug|Any CPU
		{E31068F9-3138-4799-9A9C-EC490BFEC830}.Debug|x86.Build.0 = Debug|Any CPU
		{E31068F9-3138-4799-9A9C-EC490BFEC830}.Release|Any CPU.ActiveCfg = Release|Any CPU
		{E31068F9-3138-4799-9A9C-EC490BFEC830}.Release|Any CPU.Build.0 = Release|Any CPU
		{E31068F9-3138-4799-9A9C-EC490BFEC830}.Release|x64.ActiveCfg = Release|Any CPU
		{E31068F9-3138-4799-9A9C-EC490BFEC830}.Release|x64.Build.0 = Release|Any CPU
		{E31068F9-3138-4799-9A9C-EC490BFEC830}.Release|x86.ActiveCfg = Release|Any CPU
		{E31068F9-3138-4799-9A9C-EC490BFEC830}.Release|x86.Build.0 = Release|Any CPU
		{65E88034-3195-4547-A3A8-87AF7998BD13}.Debug|Any CPU.ActiveCfg = Debug|Any CPU
		{65E88034-3195-4547-A3A8-87AF7998BD13}.Debug|Any CPU.Build.0 = Debug|Any CPU
		{65E88034-3195-4547-A3A8-87AF7998BD13}.Debug|x64.ActiveCfg = Debug|Any CPU
		{65E88034-3195-4547-A3A8-87AF7998BD13}.Debug|x64.Build.0 = Debug|Any CPU
		{65E88034-3195-4547-A3A8-87AF7998BD13}.Debug|x86.ActiveCfg = Debug|Any CPU
		{65E88034-3195-4547-A3A8-87AF7998BD13}.Debug|x86.Build.0 = Debug|Any CPU
		{65E88034-3195-4547-A3A8-87AF7998BD13}.Release|Any CPU.ActiveCfg = Release|Any CPU
		{65E88034-3195-4547-A3A8-87AF7998BD13}.Release|Any CPU.Build.0 = Release|Any CPU
		{65E88034-3195-4547-A3A8-87AF7998BD13}.Release|x64.ActiveCfg = Release|Any CPU
		{65E88034-3195-4547-A3A8-87AF7998BD13}.Release|x64.Build.0 = Release|Any CPU
		{65E88034-3195-4547-A3A8-87AF7998BD13}.Release|x86.ActiveCfg = Release|Any CPU
		{65E88034-3195-4547-A3A8-87AF7998BD13}.Release|x86.Build.0 = Release|Any CPU
		{1507FE14-A674-49C8-A88E-EC5FDBA4BB13}.Debug|Any CPU.ActiveCfg = Debug|Any CPU
		{1507FE14-A674-49C8-A88E-EC5FDBA4BB13}.Debug|Any CPU.Build.0 = Debug|Any CPU
		{1507FE14-A674-49C8-A88E-EC5FDBA4BB13}.Debug|x64.ActiveCfg = Debug|Any CPU
		{1507FE14-A674-49C8-A88E-EC5FDBA4BB13}.Debug|x64.Build.0 = Debug|Any CPU
		{1507FE14-A674-49C8-A88E-EC5FDBA4BB13}.Debug|x86.ActiveCfg = Debug|Any CPU
		{1507FE14-A674-49C8-A88E-EC5FDBA4BB13}.Debug|x86.Build.0 = Debug|Any CPU
		{1507FE14-A674-49C8-A88E-EC5FDBA4BB13}.Release|Any CPU.ActiveCfg = Release|Any CPU
		{1507FE14-A674-49C8-A88E-EC5FDBA4BB13}.Release|Any CPU.Build.0 = Release|Any CPU
		{1507FE14-A674-49C8-A88E-EC5FDBA4BB13}.Release|x64.ActiveCfg = Release|Any CPU
		{1507FE14-A674-49C8-A88E-EC5FDBA4BB13}.Release|x64.Build.0 = Release|Any CPU
		{1507FE14-A674-49C8-A88E-EC5FDBA4BB13}.Release|x86.ActiveCfg = Release|Any CPU
		{1507FE14-A674-49C8-A88E-EC5FDBA4BB13}.Release|x86.Build.0 = Release|Any CPU
		{AA3BAFD2-2C81-457E-9802-BA519D6884BD}.Debug|Any CPU.ActiveCfg = Debug|Any CPU
		{AA3BAFD2-2C81-457E-9802-BA519D6884BD}.Debug|Any CPU.Build.0 = Debug|Any CPU
		{AA3BAFD2-2C81-457E-9802-BA519D6884BD}.Debug|x64.ActiveCfg = Debug|Any CPU
		{AA3BAFD2-2C81-457E-9802-BA519D6884BD}.Debug|x64.Build.0 = Debug|Any CPU
		{AA3BAFD2-2C81-457E-9802-BA519D6884BD}.Debug|x86.ActiveCfg = Debug|Any CPU
		{AA3BAFD2-2C81-457E-9802-BA519D6884BD}.Debug|x86.Build.0 = Debug|Any CPU
		{AA3BAFD2-2C81-457E-9802-BA519D6884BD}.Release|Any CPU.ActiveCfg = Release|Any CPU
		{AA3BAFD2-2C81-457E-9802-BA519D6884BD}.Release|Any CPU.Build.0 = Release|Any CPU
		{AA3BAFD2-2C81-457E-9802-BA519D6884BD}.Release|x64.ActiveCfg = Release|Any CPU
		{AA3BAFD2-2C81-457E-9802-BA519D6884BD}.Release|x64.Build.0 = Release|Any CPU
		{AA3BAFD2-2C81-457E-9802-BA519D6884BD}.Release|x86.ActiveCfg = Release|Any CPU
		{AA3BAFD2-2C81-457E-9802-BA519D6884BD}.Release|x86.Build.0 = Release|Any CPU
		{92BB5222-46E8-44FA-9578-8AD6677EB79D}.Debug|Any CPU.ActiveCfg = Debug|Any CPU
		{92BB5222-46E8-44FA-9578-8AD6677EB79D}.Debug|Any CPU.Build.0 = Debug|Any CPU
		{92BB5222-46E8-44FA-9578-8AD6677EB79D}.Debug|x64.ActiveCfg = Debug|Any CPU
		{92BB5222-46E8-44FA-9578-8AD6677EB79D}.Debug|x64.Build.0 = Debug|Any CPU
		{92BB5222-46E8-44FA-9578-8AD6677EB79D}.Debug|x86.ActiveCfg = Debug|Any CPU
		{92BB5222-46E8-44FA-9578-8AD6677EB79D}.Debug|x86.Build.0 = Debug|Any CPU
		{92BB5222-46E8-44FA-9578-8AD6677EB79D}.Release|Any CPU.ActiveCfg = Release|Any CPU
		{92BB5222-46E8-44FA-9578-8AD6677EB79D}.Release|Any CPU.Build.0 = Release|Any CPU
		{92BB5222-46E8-44FA-9578-8AD6677EB79D}.Release|x64.ActiveCfg = Release|Any CPU
		{92BB5222-46E8-44FA-9578-8AD6677EB79D}.Release|x64.Build.0 = Release|Any CPU
		{92BB5222-46E8-44FA-9578-8AD6677EB79D}.Release|x86.ActiveCfg = Release|Any CPU
		{92BB5222-46E8-44FA-9578-8AD6677EB79D}.Release|x86.Build.0 = Release|Any CPU
		{34B68914-BB12-46D4-B80D-985992AC5F9F}.Debug|Any CPU.ActiveCfg = Debug|Any CPU
		{34B68914-BB12-46D4-B80D-985992AC5F9F}.Debug|Any CPU.Build.0 = Debug|Any CPU
		{34B68914-BB12-46D4-B80D-985992AC5F9F}.Debug|x64.ActiveCfg = Debug|Any CPU
		{34B68914-BB12-46D4-B80D-985992AC5F9F}.Debug|x64.Build.0 = Debug|Any CPU
		{34B68914-BB12-46D4-B80D-985992AC5F9F}.Debug|x86.ActiveCfg = Debug|Any CPU
		{34B68914-BB12-46D4-B80D-985992AC5F9F}.Debug|x86.Build.0 = Debug|Any CPU
		{34B68914-BB12-46D4-B80D-985992AC5F9F}.Release|Any CPU.ActiveCfg = Release|Any CPU
		{34B68914-BB12-46D4-B80D-985992AC5F9F}.Release|Any CPU.Build.0 = Release|Any CPU
		{34B68914-BB12-46D4-B80D-985992AC5F9F}.Release|x64.ActiveCfg = Release|Any CPU
		{34B68914-BB12-46D4-B80D-985992AC5F9F}.Release|x64.Build.0 = Release|Any CPU
		{34B68914-BB12-46D4-B80D-985992AC5F9F}.Release|x86.ActiveCfg = Release|Any CPU
		{34B68914-BB12-46D4-B80D-985992AC5F9F}.Release|x86.Build.0 = Release|Any CPU
		{57F06D57-4968-4192-86AB-6605AA2A71C3}.Debug|Any CPU.ActiveCfg = Debug|Any CPU
		{57F06D57-4968-4192-86AB-6605AA2A71C3}.Debug|Any CPU.Build.0 = Debug|Any CPU
		{57F06D57-4968-4192-86AB-6605AA2A71C3}.Debug|x64.ActiveCfg = Debug|Any CPU
		{57F06D57-4968-4192-86AB-6605AA2A71C3}.Debug|x64.Build.0 = Debug|Any CPU
		{57F06D57-4968-4192-86AB-6605AA2A71C3}.Debug|x86.ActiveCfg = Debug|Any CPU
		{57F06D57-4968-4192-86AB-6605AA2A71C3}.Debug|x86.Build.0 = Debug|Any CPU
		{57F06D57-4968-4192-86AB-6605AA2A71C3}.Release|Any CPU.ActiveCfg = Release|Any CPU
		{57F06D57-4968-4192-86AB-6605AA2A71C3}.Release|Any CPU.Build.0 = Release|Any CPU
		{57F06D57-4968-4192-86AB-6605AA2A71C3}.Release|x64.ActiveCfg = Release|Any CPU
		{57F06D57-4968-4192-86AB-6605AA2A71C3}.Release|x64.Build.0 = Release|Any CPU
		{57F06D57-4968-4192-86AB-6605AA2A71C3}.Release|x86.ActiveCfg = Release|Any CPU
		{57F06D57-4968-4192-86AB-6605AA2A71C3}.Release|x86.Build.0 = Release|Any CPU
		{5E0DC9DB-C1EA-4338-8830-236F29E7A7F7}.Debug|Any CPU.ActiveCfg = Debug|Any CPU
		{5E0DC9DB-C1EA-4338-8830-236F29E7A7F7}.Debug|Any CPU.Build.0 = Debug|Any CPU
		{5E0DC9DB-C1EA-4338-8830-236F29E7A7F7}.Debug|x64.ActiveCfg = Debug|Any CPU
		{5E0DC9DB-C1EA-4338-8830-236F29E7A7F7}.Debug|x64.Build.0 = Debug|Any CPU
		{5E0DC9DB-C1EA-4338-8830-236F29E7A7F7}.Debug|x86.ActiveCfg = Debug|Any CPU
		{5E0DC9DB-C1EA-4338-8830-236F29E7A7F7}.Debug|x86.Build.0 = Debug|Any CPU
		{5E0DC9DB-C1EA-4338-8830-236F29E7A7F7}.Release|Any CPU.ActiveCfg = Release|Any CPU
		{5E0DC9DB-C1EA-4338-8830-236F29E7A7F7}.Release|Any CPU.Build.0 = Release|Any CPU
		{5E0DC9DB-C1EA-4338-8830-236F29E7A7F7}.Release|x64.ActiveCfg = Release|Any CPU
		{5E0DC9DB-C1EA-4338-8830-236F29E7A7F7}.Release|x64.Build.0 = Release|Any CPU
		{5E0DC9DB-C1EA-4338-8830-236F29E7A7F7}.Release|x86.ActiveCfg = Release|Any CPU
		{5E0DC9DB-C1EA-4338-8830-236F29E7A7F7}.Release|x86.Build.0 = Release|Any CPU
		{98030C5C-D159-43CB-9F04-E9DC67370877}.Debug|Any CPU.ActiveCfg = Debug|Any CPU
		{98030C5C-D159-43CB-9F04-E9DC67370877}.Debug|Any CPU.Build.0 = Debug|Any CPU
		{98030C5C-D159-43CB-9F04-E9DC67370877}.Debug|x64.ActiveCfg = Debug|Any CPU
		{98030C5C-D159-43CB-9F04-E9DC67370877}.Debug|x64.Build.0 = Debug|Any CPU
		{98030C5C-D159-43CB-9F04-E9DC67370877}.Debug|x86.ActiveCfg = Debug|Any CPU
		{98030C5C-D159-43CB-9F04-E9DC67370877}.Debug|x86.Build.0 = Debug|Any CPU
		{98030C5C-D159-43CB-9F04-E9DC67370877}.Release|Any CPU.ActiveCfg = Release|Any CPU
		{98030C5C-D159-43CB-9F04-E9DC67370877}.Release|Any CPU.Build.0 = Release|Any CPU
		{98030C5C-D159-43CB-9F04-E9DC67370877}.Release|x64.ActiveCfg = Release|Any CPU
		{98030C5C-D159-43CB-9F04-E9DC67370877}.Release|x64.Build.0 = Release|Any CPU
		{98030C5C-D159-43CB-9F04-E9DC67370877}.Release|x86.ActiveCfg = Release|Any CPU
		{98030C5C-D159-43CB-9F04-E9DC67370877}.Release|x86.Build.0 = Release|Any CPU
		{38FE8590-59BB-430A-821D-AD0A5B42B7A2}.Debug|Any CPU.ActiveCfg = Debug|Any CPU
		{38FE8590-59BB-430A-821D-AD0A5B42B7A2}.Debug|Any CPU.Build.0 = Debug|Any CPU
		{38FE8590-59BB-430A-821D-AD0A5B42B7A2}.Debug|x64.ActiveCfg = Debug|Any CPU
		{38FE8590-59BB-430A-821D-AD0A5B42B7A2}.Debug|x64.Build.0 = Debug|Any CPU
		{38FE8590-59BB-430A-821D-AD0A5B42B7A2}.Debug|x86.ActiveCfg = Debug|Any CPU
		{38FE8590-59BB-430A-821D-AD0A5B42B7A2}.Debug|x86.Build.0 = Debug|Any CPU
		{38FE8590-59BB-430A-821D-AD0A5B42B7A2}.Release|Any CPU.ActiveCfg = Release|Any CPU
		{38FE8590-59BB-430A-821D-AD0A5B42B7A2}.Release|Any CPU.Build.0 = Release|Any CPU
		{38FE8590-59BB-430A-821D-AD0A5B42B7A2}.Release|x64.ActiveCfg = Release|Any CPU
		{38FE8590-59BB-430A-821D-AD0A5B42B7A2}.Release|x64.Build.0 = Release|Any CPU
		{38FE8590-59BB-430A-821D-AD0A5B42B7A2}.Release|x86.ActiveCfg = Release|Any CPU
		{38FE8590-59BB-430A-821D-AD0A5B42B7A2}.Release|x86.Build.0 = Release|Any CPU
		{3766AE73-D2B5-45D8-A2E5-31A3B0B5CF20}.Debug|Any CPU.ActiveCfg = Debug|Any CPU
		{3766AE73-D2B5-45D8-A2E5-31A3B0B5CF20}.Debug|Any CPU.Build.0 = Debug|Any CPU
		{3766AE73-D2B5-45D8-A2E5-31A3B0B5CF20}.Debug|x64.ActiveCfg = Debug|Any CPU
		{3766AE73-D2B5-45D8-A2E5-31A3B0B5CF20}.Debug|x64.Build.0 = Debug|Any CPU
		{3766AE73-D2B5-45D8-A2E5-31A3B0B5CF20}.Debug|x86.ActiveCfg = Debug|Any CPU
		{3766AE73-D2B5-45D8-A2E5-31A3B0B5CF20}.Debug|x86.Build.0 = Debug|Any CPU
		{3766AE73-D2B5-45D8-A2E5-31A3B0B5CF20}.Release|Any CPU.ActiveCfg = Release|Any CPU
		{3766AE73-D2B5-45D8-A2E5-31A3B0B5CF20}.Release|Any CPU.Build.0 = Release|Any CPU
		{3766AE73-D2B5-45D8-A2E5-31A3B0B5CF20}.Release|x64.ActiveCfg = Release|Any CPU
		{3766AE73-D2B5-45D8-A2E5-31A3B0B5CF20}.Release|x64.Build.0 = Release|Any CPU
		{3766AE73-D2B5-45D8-A2E5-31A3B0B5CF20}.Release|x86.ActiveCfg = Release|Any CPU
		{3766AE73-D2B5-45D8-A2E5-31A3B0B5CF20}.Release|x86.Build.0 = Release|Any CPU
		{985EC212-B0CA-4F8F-85B6-7BBF1B291684}.Debug|Any CPU.ActiveCfg = Debug|Any CPU
		{985EC212-B0CA-4F8F-85B6-7BBF1B291684}.Debug|Any CPU.Build.0 = Debug|Any CPU
		{985EC212-B0CA-4F8F-85B6-7BBF1B291684}.Debug|x64.ActiveCfg = Debug|Any CPU
		{985EC212-B0CA-4F8F-85B6-7BBF1B291684}.Debug|x64.Build.0 = Debug|Any CPU
		{985EC212-B0CA-4F8F-85B6-7BBF1B291684}.Debug|x86.ActiveCfg = Debug|Any CPU
		{985EC212-B0CA-4F8F-85B6-7BBF1B291684}.Debug|x86.Build.0 = Debug|Any CPU
		{985EC212-B0CA-4F8F-85B6-7BBF1B291684}.Release|Any CPU.ActiveCfg = Release|Any CPU
		{985EC212-B0CA-4F8F-85B6-7BBF1B291684}.Release|Any CPU.Build.0 = Release|Any CPU
		{985EC212-B0CA-4F8F-85B6-7BBF1B291684}.Release|x64.ActiveCfg = Release|Any CPU
		{985EC212-B0CA-4F8F-85B6-7BBF1B291684}.Release|x64.Build.0 = Release|Any CPU
		{985EC212-B0CA-4F8F-85B6-7BBF1B291684}.Release|x86.ActiveCfg = Release|Any CPU
		{985EC212-B0CA-4F8F-85B6-7BBF1B291684}.Release|x86.Build.0 = Release|Any CPU
		{340593DA-6310-4ECA-80CF-17281EED25BE}.Debug|Any CPU.ActiveCfg = Debug|Any CPU
		{340593DA-6310-4ECA-80CF-17281EED25BE}.Debug|Any CPU.Build.0 = Debug|Any CPU
		{340593DA-6310-4ECA-80CF-17281EED25BE}.Debug|x64.ActiveCfg = Debug|Any CPU
		{340593DA-6310-4ECA-80CF-17281EED25BE}.Debug|x64.Build.0 = Debug|Any CPU
		{340593DA-6310-4ECA-80CF-17281EED25BE}.Debug|x86.ActiveCfg = Debug|Any CPU
		{340593DA-6310-4ECA-80CF-17281EED25BE}.Debug|x86.Build.0 = Debug|Any CPU
		{340593DA-6310-4ECA-80CF-17281EED25BE}.Release|Any CPU.ActiveCfg = Release|Any CPU
		{340593DA-6310-4ECA-80CF-17281EED25BE}.Release|Any CPU.Build.0 = Release|Any CPU
		{340593DA-6310-4ECA-80CF-17281EED25BE}.Release|x64.ActiveCfg = Release|Any CPU
		{340593DA-6310-4ECA-80CF-17281EED25BE}.Release|x64.Build.0 = Release|Any CPU
		{340593DA-6310-4ECA-80CF-17281EED25BE}.Release|x86.ActiveCfg = Release|Any CPU
		{340593DA-6310-4ECA-80CF-17281EED25BE}.Release|x86.Build.0 = Release|Any CPU
	EndGlobalSection
	GlobalSection(SolutionProperties) = preSolution
		HideSolutionNode = FALSE
	EndGlobalSection
	GlobalSection(NestedProjects) = preSolution
		{65E88034-3195-4547-A3A8-87AF7998BD13} = {0CF8A7E2-F5AF-4A37-8CCD-CE20CE99417E}
		{340593DA-6310-4ECA-80CF-17281EED25BE} = {0CF8A7E2-F5AF-4A37-8CCD-CE20CE99417E}
	EndGlobalSection
EndGlobal
